
Microsoft Visual Studio Solution File, Format Version 12.00
# Visual Studio Version 17
VisualStudioVersion = 17.9.34723.18
MinimumVisualStudioVersion = 10.0.40219.1
Project("{FAE04EC0-301F-11D3-BF4B-00C04F79EFBC}") = "addressbook-web-tests", "addressbook-web-tests.csproj", "{468FE205-9B41-4B6F-955C-3FD57007116D}"
EndProject
Global
	GlobalSection(SolutionConfigurationPlatforms) = preSolution
		Debug|Any CPU = Debug|Any CPU
		Release|Any CPU = Release|Any CPU
	EndGlobalSection
	GlobalSection(ProjectConfigurationPlatforms) = postSolution
		{468FE205-9B41-4B6F-955C-3FD57007116D}.Debug|Any CPU.ActiveCfg = Debug|Any CPU
		{468FE205-9B41-4B6F-955C-3FD57007116D}.Debug|Any CPU.Build.0 = Debug|Any CPU
		{468FE205-9B41-4B6F-955C-3FD57007116D}.Release|Any CPU.ActiveCfg = Release|Any CPU
		{468FE205-9B41-4B6F-955C-3FD57007116D}.Release|Any CPU.Build.0 = Release|Any CPU
	EndGlobalSection
	GlobalSection(SolutionProperties) = preSolution
		HideSolutionNode = FALSE
	EndGlobalSection
	GlobalSection(ExtensibilityGlobals) = postSolution
		SolutionGuid = {93808D08-E02C-4E49-9216-2D1565E79891}
	EndGlobalSection
EndGlobal
